
Microsoft Visual Studio Solution File, Format Version 12.00
# Visual Studio Version 17
VisualStudioVersion = 17.5.33502.453
MinimumVisualStudioVersion = 10.0.40219.1
Project("{9A19103F-16F7-4668-BE54-9A1E7A4F7556}") = "NBM Filtering Service", "NBM Filtering Service.csproj", "{64FF6CD3-5388-4C29-9C11-4A312DF41ECA}"
EndProject
Project("{FAE04EC0-301F-11D3-BF4B-00C04F79EFBC}") = "UnitTests", "..\UnitTests\UnitTests.csproj", "{4ABDDD05-D5D9-4A70-A308-F724E18DA410}"
EndProject
Project("{2150E333-8FDC-42A3-9474-1A3956D46DE8}") = "Solution Items", "Solution Items", "{EC9C8C88-CDE2-4D38-8292-79E96404E976}"
	ProjectSection(SolutionItems) = preProject
		.editorconfig = .editorconfig
	EndProjectSection
EndProject
Global
	GlobalSection(SolutionConfigurationPlatforms) = preSolution
		Debug|Any CPU = Debug|Any CPU
		Release|Any CPU = Release|Any CPU
	EndGlobalSection
	GlobalSection(ProjectConfigurationPlatforms) = postSolution
		{64FF6CD3-5388-4C29-9C11-4A312DF41ECA}.Debug|Any CPU.ActiveCfg = Debug|Any CPU
		{64FF6CD3-5388-4C29-9C11-4A312DF41ECA}.Debug|Any CPU.Build.0 = Debug|Any CPU
		{64FF6CD3-5388-4C29-9C11-4A312DF41ECA}.Release|Any CPU.ActiveCfg = Release|Any CPU
		{64FF6CD3-5388-4C29-9C11-4A312DF41ECA}.Release|Any CPU.Build.0 = Release|Any CPU
		{4ABDDD05-D5D9-4A70-A308-F724E18DA410}.Debug|Any CPU.ActiveCfg = Debug|Any CPU
		{4ABDDD05-D5D9-4A70-A308-F724E18DA410}.Debug|Any CPU.Build.0 = Debug|Any CPU
		{4ABDDD05-D5D9-4A70-A308-F724E18DA410}.Release|Any CPU.ActiveCfg = Release|Any CPU
		{4ABDDD05-D5D9-4A70-A308-F724E18DA410}.Release|Any CPU.Build.0 = Release|Any CPU
	EndGlobalSection
	GlobalSection(SolutionProperties) = preSolution
		HideSolutionNode = FALSE
	EndGlobalSection
	GlobalSection(ExtensibilityGlobals) = postSolution
		SolutionGuid = {8F3471EF-985B-4255-AACA-0BE5B66C2CC3}
	EndGlobalSection
EndGlobal
